
Microsoft Visual Studio Solution File, Format Version 12.00
# Visual Studio Version 17
VisualStudioVersion = 17.9.34728.123
MinimumVisualStudioVersion = 10.0.40219.1
Project("{FAE04EC0-301F-11D3-BF4B-00C04F79EFBC}") = "SEG.Dtos", "SEG.Dtos.csproj", "{DF710BEE-2B56-4953-ADA1-D6D66C6FFF19}"
EndProject
Global
	GlobalSection(SolutionConfigurationPlatforms) = preSolution
		Debug|Any CPU = Debug|Any CPU
		Release|Any CPU = Release|Any CPU
	EndGlobalSection
	GlobalSection(ProjectConfigurationPlatforms) = postSolution
		{DF710BEE-2B56-4953-ADA1-D6D66C6FFF19}.Debug|Any CPU.ActiveCfg = Debug|Any CPU
		{DF710BEE-2B56-4953-ADA1-D6D66C6FFF19}.Debug|Any CPU.Build.0 = Debug|Any CPU
		{DF710BEE-2B56-4953-ADA1-D6D66C6FFF19}.Release|Any CPU.ActiveCfg = Release|Any CPU
		{DF710BEE-2B56-4953-ADA1-D6D66C6FFF19}.Release|Any CPU.Build.0 = Release|Any CPU
	EndGlobalSection
	GlobalSection(SolutionProperties) = preSolution
		HideSolutionNode = FALSE
	EndGlobalSection
	GlobalSection(ExtensibilityGlobals) = postSolution
		SolutionGuid = {3037E7BA-DE4B-4AD2-AD0C-7A09D880B2DE}
	EndGlobalSection
EndGlobal
